
Microsoft Visual Studio Solution File, Format Version 12.00
# Visual Studio Version 16
VisualStudioVersion = 16.0.31129.286
MinimumVisualStudioVersion = 10.0.40219.1
Project("{FAE04EC0-301F-11D3-BF4B-00C04F79EFBC}") = "App1.UWP", "App1\App1.UWP\App1.UWP.csproj", "{ECB858C2-AE4E-4BB6-BABD-1BCDD192C674}"
EndProject
Project("{FAE04EC0-301F-11D3-BF4B-00C04F79EFBC}") = "App1.Android", "App1\App1.Android\App1.Android.csproj", "{0633B248-A502-4B22-93A1-922815CC1960}"
EndProject
Project("{FAE04EC0-301F-11D3-BF4B-00C04F79EFBC}") = "App1.iOS", "App1\App1.iOS\App1.iOS.csproj", "{261C4830-5552-4370-80C9-BEA3CE094B9A}"
EndProject
Project("{FAE04EC0-301F-11D3-BF4B-00C04F79EFBC}") = "App1", "App1\App1\App1.csproj", "{6D2ECA68-FFCF-4494-9E5C-F76FAB554CFC}"
EndProject
Project("{2150E333-8FDC-42A3-9474-1A3956D46DE8}") = "Solution Items", "Solution Items", "{FB637AB1-2023-4A21-A1BC-E282F1D11EE6}"
EndProject
Global
	GlobalSection(SolutionConfigurationPlatforms) = preSolution
		Debug|Any CPU = Debug|Any CPU
		Debug|ARM = Debug|ARM
		Debug|iPhone = Debug|iPhone
		Debug|iPhoneSimulator = Debug|iPhoneSimulator
		Debug|x64 = Debug|x64
		Debug|x86 = Debug|x86
		Release|Any CPU = Release|Any CPU
		Release|ARM = Release|ARM
		Release|iPhone = Release|iPhone
		Release|iPhoneSimulator = Release|iPhoneSimulator
		Release|x64 = Release|x64
		Release|x86 = Release|x86
	EndGlobalSection
	GlobalSection(ProjectConfigurationPlatforms) = postSolution
		{ECB858C2-AE4E-4BB6-BABD-1BCDD192C674}.Debug|Any CPU.ActiveCfg = Debug|x86
		{ECB858C2-AE4E-4BB6-BABD-1BCDD192C674}.Debug|Any CPU.Build.0 = Debug|x86
		{ECB858C2-AE4E-4BB6-BABD-1BCDD192C674}.Debug|Any CPU.Deploy.0 = Debug|x86
		{ECB858C2-AE4E-4BB6-BABD-1BCDD192C674}.Debug|ARM.ActiveCfg = Debug|ARM
		{ECB858C2-AE4E-4BB6-BABD-1BCDD192C674}.Debug|ARM.Build.0 = Debug|ARM
		{ECB858C2-AE4E-4BB6-BABD-1BCDD192C674}.Debug|ARM.Deploy.0 = Debug|ARM
		{ECB858C2-AE4E-4BB6-BABD-1BCDD192C674}.Debug|iPhone.ActiveCfg = Debug|x86
		{ECB858C2-AE4E-4BB6-BABD-1BCDD192C674}.Debug|iPhone.Build.0 = Debug|x86
		{ECB858C2-AE4E-4BB6-BABD-1BCDD192C674}.Debug|iPhone.Deploy.0 = Debug|x86
		{ECB858C2-AE4E-4BB6-BABD-1BCDD192C674}.Debug|iPhoneSimulator.ActiveCfg = Debug|x86
		{ECB858C2-AE4E-4BB6-BABD-1BCDD192C674}.Debug|iPhoneSimulator.Build.0 = Debug|x86
		{ECB858C2-AE4E-4BB6-BABD-1BCDD192C674}.Debug|iPhoneSimulator.Deploy.0 = Debug|x86
		{ECB858C2-AE4E-4BB6-BABD-1BCDD192C674}.Debug|x64.ActiveCfg = Debug|x64
		{ECB858C2-AE4E-4BB6-BABD-1BCDD192C674}.Debug|x64.Build.0 = Debug|x64
		{ECB858C2-AE4E-4BB6-BABD-1BCDD192C674}.Debug|x64.Deploy.0 = Debug|x64
		{ECB858C2-AE4E-4BB6-BABD-1BCDD192C674}.Debug|x86.ActiveCfg = Debug|x86
		{ECB858C2-AE4E-4BB6-BABD-1BCDD192C674}.Debug|x86.Build.0 = Debug|x86
		{ECB858C2-AE4E-4BB6-BABD-1BCDD192C674}.Debug|x86.Deploy.0 = Debug|x86
		{ECB858C2-AE4E-4BB6-BABD-1BCDD192C674}.Release|Any CPU.ActiveCfg = Release|x86
		{ECB858C2-AE4E-4BB6-BABD-1BCDD192C674}.Release|Any CPU.Build.0 = Release|x86
		{ECB858C2-AE4E-4BB6-BABD-1BCDD192C674}.Release|Any CPU.Deploy.0 = Release|x86
		{ECB858C2-AE4E-4BB6-BABD-1BCDD192C674}.Release|ARM.ActiveCfg = Release|ARM
		{ECB858C2-AE4E-4BB6-BABD-1BCDD192C674}.Release|ARM.Build.0 = Release|ARM
		{ECB858C2-AE4E-4BB6-BABD-1BCDD192C674}.Release|ARM.Deploy.0 = Release|ARM
		{ECB858C2-AE4E-4BB6-BABD-1BCDD192C674}.Release|iPhone.ActiveCfg = Release|x86
		{ECB858C2-AE4E-4BB6-BABD-1BCDD192C674}.Release|iPhone.Build.0 = Release|x86
		{ECB858C2-AE4E-4BB6-BABD-1BCDD192C674}.Release|iPhone.Deploy.0 = Release|x86
		{ECB858C2-AE4E-4BB6-BABD-1BCDD192C674}.Release|iPhoneSimulator.ActiveCfg = Release|x86
		{ECB858C2-AE4E-4BB6-BABD-1BCDD192C674}.Release|iPhoneSimulator.Build.0 = Release|x86
		{ECB858C2-AE4E-4BB6-BABD-1BCDD192C674}.Release|iPhoneSimulator.Deploy.0 = Release|x86
		{ECB858C2-AE4E-4BB6-BABD-1BCDD192C674}.Release|x64.ActiveCfg = Release|x64
		{ECB858C2-AE4E-4BB6-BABD-1BCDD192C674}.Release|x64.Build.0 = Release|x64
		{ECB858C2-AE4E-4BB6-BABD-1BCDD192C674}.Release|x64.Deploy.0 = Release|x64
		{ECB858C2-AE4E-4BB6-BABD-1BCDD192C674}.Release|x86.ActiveCfg = Release|x86
		{ECB858C2-AE4E-4BB6-BABD-1BCDD192C674}.Release|x86.Build.0 = Release|x86
		{ECB858C2-AE4E-4BB6-BABD-1BCDD192C674}.Release|x86.Deploy.0 = Release|x86
		{0633B248-A502-4B22-93A1-922815CC1960}.Debug|Any CPU.ActiveCfg = Debug|Any CPU
		{0633B248-A502-4B22-93A1-922815CC1960}.Debug|Any CPU.Build.0 = Debug|Any CPU
		{0633B248-A502-4B22-93A1-922815CC1960}.Debug|Any CPU.Deploy.0 = Debug|Any CPU
		{0633B248-A502-4B22-93A1-922815CC1960}.Debug|ARM.ActiveCfg = Debug|Any CPU
		{0633B248-A502-4B22-93A1-922815CC1960}.Debug|ARM.Build.0 = Debug|Any CPU
		{0633B248-A502-4B22-93A1-922815CC1960}.Debug|ARM.Deploy.0 = Debug|Any CPU
		{0633B248-A502-4B22-93A1-922815CC1960}.Debug|iPhone.ActiveCfg = Debug|Any CPU
		{0633B248-A502-4B22-93A1-922815CC1960}.Debug|iPhone.Build.0 = Debug|Any CPU
		{0633B248-A502-4B22-93A1-922815CC1960}.Debug|iPhone.Deploy.0 = Debug|Any CPU
		{0633B248-A502-4B22-93A1-922815CC1960}.Debug|iPhoneSimulator.ActiveCfg = Debug|Any CPU
		{0633B248-A502-4B22-93A1-922815CC1960}.Debug|iPhoneSimulator.Build.0 = Debug|Any CPU
		{0633B248-A502-4B22-93A1-922815CC1960}.Debug|iPhoneSimulator.Deploy.0 = Debug|Any CPU
		{0633B248-A502-4B22-93A1-922815CC1960}.Debug|x64.ActiveCfg = Debug|Any CPU
		{0633B248-A502-4B22-93A1-922815CC1960}.Debug|x64.Build.0 = Debug|Any CPU
		{0633B248-A502-4B22-93A1-922815CC1960}.Debug|x64.Deploy.0 = Debug|Any CPU
		{0633B248-A502-4B22-93A1-922815CC1960}.Debug|x86.ActiveCfg = Debug|Any CPU
		{0633B248-A502-4B22-93A1-922815CC1960}.Debug|x86.Build.0 = Debug|Any CPU
		{0633B248-A502-4B22-93A1-922815CC1960}.Debug|x86.Deploy.0 = Debug|Any CPU
		{0633B248-A502-4B22-93A1-922815CC1960}.Release|Any CPU.ActiveCfg = Release|Any CPU
		{0633B248-A502-4B22-93A1-922815CC1960}.Release|Any CPU.Build.0 = Release|Any CPU
		{0633B248-A502-4B22-93A1-922815CC1960}.Release|Any CPU.Deploy.0 = Release|Any CPU
		{0633B248-A502-4B22-93A1-922815CC1960}.Release|ARM.ActiveCfg = Release|Any CPU
		{0633B248-A502-4B22-93A1-922815CC1960}.Release|ARM.Build.0 = Release|Any CPU
		{0633B248-A502-4B22-93A1-922815CC1960}.Release|ARM.Deploy.0 = Release|Any CPU
		{0633B248-A502-4B22-93A1-922815CC1960}.Release|iPhone.ActiveCfg = Release|Any CPU
		{0633B248-A502-4B22-93A1-922815CC1960}.Release|iPhone.Build.0 = Release|Any CPU
		{0633B248-A502-4B22-93A1-922815CC1960}.Release|iPhone.Deploy.0 = Release|Any CPU
		{0633B248-A502-4B22-93A1-922815CC1960}.Release|iPhoneSimulator.ActiveCfg = Release|Any CPU
		{0633B248-A502-4B22-93A1-922815CC1960}.Release|iPhoneSimulator.Build.0 = Release|Any CPU
		{0633B248-A502-4B22-93A1-922815CC1960}.Release|iPhoneSimulator.Deploy.0 = Release|Any CPU
		{0633B248-A502-4B22-93A1-922815CC1960}.Release|x64.ActiveCfg = Release|Any CPU
		{0633B248-A502-4B22-93A1-922815CC1960}.Release|x64.Build.0 = Release|Any CPU
		{0633B248-A502-4B22-93A1-922815CC1960}.Release|x64.Deploy.0 = Release|Any CPU
		{0633B248-A502-4B22-93A1-922815CC1960}.Release|x86.ActiveCfg = Release|Any CPU
		{0633B248-A502-4B22-93A1-922815CC1960}.Release|x86.Build.0 = Release|Any CPU
		{0633B248-A502-4B22-93A1-922815CC1960}.Release|x86.Deploy.0 = Release|Any CPU
		{261C4830-5552-4370-80C9-BEA3CE094B9A}.Debug|Any CPU.ActiveCfg = Debug|iPhoneSimulator
		{261C4830-5552-4370-80C9-BEA3CE094B9A}.Debug|Any CPU.Build.0 = Debug|iPhoneSimulator
		{261C4830-5552-4370-80C9-BEA3CE094B9A}.Debug|Any CPU.Deploy.0 = Debug|iPhoneSimulator
		{261C4830-5552-4370-80C9-BEA3CE094B9A}.Debug|ARM.ActiveCfg = Debug|iPhone
		{261C4830-5552-4370-80C9-BEA3CE094B9A}.Debug|ARM.Build.0 = Debug|iPhone
		{261C4830-5552-4370-80C9-BEA3CE094B9A}.Debug|ARM.Deploy.0 = Debug|iPhone
		{261C4830-5552-4370-80C9-BEA3CE094B9A}.Debug|iPhone.ActiveCfg = Debug|iPhone
		{261C4830-5552-4370-80C9-BEA3CE094B9A}.Debug|iPhone.Build.0 = Debug|iPhone
		{261C4830-5552-4370-80C9-BEA3CE094B9A}.Debug|iPhone.Deploy.0 = Debug|iPhone
		{261C4830-5552-4370-80C9-BEA3CE094B9A}.Debug|iPhoneSimulator.ActiveCfg = Debug|iPhoneSimulator
		{261C4830-5552-4370-80C9-BEA3CE094B9A}.Debug|iPhoneSimulator.Build.0 = Debug|iPhoneSimulator
		{261C4830-5552-4370-80C9-BEA3CE094B9A}.Debug|iPhoneSimulator.Deploy.0 = Debug|iPhoneSimulator
		{261C4830-5552-4370-80C9-BEA3CE094B9A}.Debug|x64.ActiveCfg = Debug|iPhoneSimulator
		{261C4830-5552-4370-80C9-BEA3CE094B9A}.Debug|x64.Build.0 = Debug|iPhoneSimulator
		{261C4830-5552-4370-80C9-BEA3CE094B9A}.Debug|x64.Deploy.0 = Debug|iPhoneSimulator
		{261C4830-5552-4370-80C9-BEA3CE094B9A}.Debug|x86.ActiveCfg = Debug|iPhoneSimulator
		{261C4830-5552-4370-80C9-BEA3CE094B9A}.Debug|x86.Build.0 = Debug|iPhoneSimulator
		{261C4830-5552-4370-80C9-BEA3CE094B9A}.Debug|x86.Deploy.0 = Debug|iPhoneSimulator
		{261C4830-5552-4370-80C9-BEA3CE094B9A}.Release|Any CPU.ActiveCfg = Release|iPhoneSimulator
		{261C4830-5552-4370-80C9-BEA3CE094B9A}.Release|Any CPU.Build.0 = Release|iPhoneSimulator
		{261C4830-5552-4370-80C9-BEA3CE094B9A}.Release|Any CPU.Deploy.0 = Release|iPhoneSimulator
		{261C4830-5552-4370-80C9-BEA3CE094B9A}.Release|ARM.ActiveCfg = Release|iPhoneSimulator
		{261C4830-5552-4370-80C9-BEA3CE094B9A}.Release|ARM.Build.0 = Release|iPhoneSimulator
		{261C4830-5552-4370-80C9-BEA3CE094B9A}.Release|ARM.Deploy.0 = Release|iPhoneSimulator
		{261C4830-5552-4370-80C9-BEA3CE094B9A}.Release|iPhone.ActiveCfg = Release|iPhone
		{261C4830-5552-4370-80C9-BEA3CE094B9A}.Release|iPhone.Build.0 = Release|iPhone
		{261C4830-5552-4370-80C9-BEA3CE094B9A}.Release|iPhone.Deploy.0 = Release|iPhone
		{261C4830-5552-4370-80C9-BEA3CE094B9A}.Release|iPhoneSimulator.ActiveCfg = Release|iPhoneSimulator
		{261C4830-5552-4370-80C9-BEA3CE094B9A}.Release|iPhoneSimulator.Build.0 = Release|iPhoneSimulator
		{261C4830-5552-4370-80C9-BEA3CE094B9A}.Release|iPhoneSimulator.Deploy.0 = Release|iPhoneSimulator
		{261C4830-5552-4370-80C9-BEA3CE094B9A}.Release|x64.ActiveCfg = Release|iPhoneSimulator
		{261C4830-5552-4370-80C9-BEA3CE094B9A}.Release|x64.Build.0 = Release|iPhoneSimulator
		{261C4830-5552-4370-80C9-BEA3CE094B9A}.Release|x64.Deploy.0 = Release|iPhoneSimulator
		{261C4830-5552-4370-80C9-BEA3CE094B9A}.Release|x86.ActiveCfg = Release|iPhoneSimulator
		{261C4830-5552-4370-80C9-BEA3CE094B9A}.Release|x86.Build.0 = Release|iPhoneSimulator
		{261C4830-5552-4370-80C9-BEA3CE094B9A}.Release|x86.Deploy.0 = Release|iPhoneSimulator
		{6D2ECA68-FFCF-4494-9E5C-F76FAB554CFC}.Debug|Any CPU.ActiveCfg = Debug|Any CPU
		{6D2ECA68-FFCF-4494-9E5C-F76FAB554CFC}.Debug|Any CPU.Build.0 = Debug|Any CPU
		{6D2ECA68-FFCF-4494-9E5C-F76FAB554CFC}.Debug|Any CPU.Deploy.0 = Debug|Any CPU
		{6D2ECA68-FFCF-4494-9E5C-F76FAB554CFC}.Debug|ARM.ActiveCfg = Debug|Any CPU
		{6D2ECA68-FFCF-4494-9E5C-F76FAB554CFC}.Debug|ARM.Build.0 = Debug|Any CPU
		{6D2ECA68-FFCF-4494-9E5C-F76FAB554CFC}.Debug|ARM.Deploy.0 = Debug|Any CPU
		{6D2ECA68-FFCF-4494-9E5C-F76FAB554CFC}.Debug|iPhone.ActiveCfg = Debug|Any CPU
		{6D2ECA68-FFCF-4494-9E5C-F76FAB554CFC}.Debug|iPhone.Build.0 = Debug|Any CPU
		{6D2ECA68-FFCF-4494-9E5C-F76FAB554CFC}.Debug|iPhone.Deploy.0 = Debug|Any CPU
		{6D2ECA68-FFCF-4494-9E5C-F76FAB554CFC}.Debug|iPhoneSimulator.ActiveCfg = Debug|Any CPU
		{6D2ECA68-FFCF-4494-9E5C-F76FAB554CFC}.Debug|iPhoneSimulator.Build.0 = Debug|Any CPU
		{6D2ECA68-FFCF-4494-9E5C-F76FAB554CFC}.Debug|iPhoneSimulator.Deploy.0 = Debug|Any CPU
		{6D2ECA68-FFCF-4494-9E5C-F76FAB554CFC}.Debug|x64.ActiveCfg = Debug|Any CPU
		{6D2ECA68-FFCF-4494-9E5C-F76FAB554CFC}.Debug|x64.Build.0 = Debug|Any CPU
		{6D2ECA68-FFCF-4494-9E5C-F76FAB554CFC}.Debug|x64.Deploy.0 = Debug|Any CPU
		{6D2ECA68-FFCF-4494-9E5C-F76FAB554CFC}.Debug|x86.ActiveCfg = Debug|Any CPU
		{6D2ECA68-FFCF-4494-9E5C-F76FAB554CFC}.Debug|x86.Build.0 = Debug|Any CPU
		{6D2ECA68-FFCF-4494-9E5C-F76FAB554CFC}.Debug|x86.Deploy.0 = Debug|Any CPU
		{6D2ECA68-FFCF-4494-9E5C-F76FAB554CFC}.Release|Any CPU.ActiveCfg = Release|Any CPU
		{6D2ECA68-FFCF-4494-9E5C-F76FAB554CFC}.Release|Any CPU.Build.0 = Release|Any CPU
		{6D2ECA68-FFCF-4494-9E5C-F76FAB554CFC}.Release|Any CPU.Deploy.0 = Release|Any CPU
		{6D2ECA68-FFCF-4494-9E5C-F76FAB554CFC}.Release|ARM.ActiveCfg = Release|Any CPU
		{6D2ECA68-FFCF-4494-9E5C-F76FAB554CFC}.Release|ARM.Build.0 = Release|Any CPU
		{6D2ECA68-FFCF-4494-9E5C-F76FAB554CFC}.Release|ARM.Deploy.0 = Release|Any CPU
		{6D2ECA68-FFCF-4494-9E5C-F76FAB554CFC}.Release|iPhone.ActiveCfg = Release|Any CPU
		{6D2ECA68-FFCF-4494-9E5C-F76FAB554CFC}.Release|iPhone.Build.0 = Release|Any CPU
		{6D2ECA68-FFCF-4494-9E5C-F76FAB554CFC}.Release|iPhone.Deploy.0 = Release|Any CPU
		{6D2ECA68-FFCF-4494-9E5C-F76FAB554CFC}.Release|iPhoneSimulator.ActiveCfg = Release|Any CPU
		{6D2ECA68-FFCF-4494-9E5C-F76FAB554CFC}.Release|iPhoneSimulator.Build.0 = Release|Any CPU
		{6D2ECA68-FFCF-4494-9E5C-F76FAB554CFC}.Release|iPhoneSimulator.Deploy.0 = Release|Any CPU
		{6D2ECA68-FFCF-4494-9E5C-F76FAB554CFC}.Release|x64.ActiveCfg = Release|Any CPU
		{6D2ECA68-FFCF-4494-9E5C-F76FAB554CFC}.Release|x64.Build.0 = Release|Any CPU
		{6D2ECA68-FFCF-4494-9E5C-F76FAB554CFC}.Release|x64.Deploy.0 = Release|Any CPU
		{6D2ECA68-FFCF-4494-9E5C-F76FAB554CFC}.Release|x86.ActiveCfg = Release|Any CPU
		{6D2ECA68-FFCF-4494-9E5C-F76FAB554CFC}.Release|x86.Build.0 = Release|Any CPU
		{6D2ECA68-FFCF-4494-9E5C-F76FAB554CFC}.Release|x86.Deploy.0 = Release|Any CPU
	EndGlobalSection
	GlobalSection(SolutionProperties) = preSolution
		HideSolutionNode = FALSE
	EndGlobalSection
	GlobalSection(ExtensibilityGlobals) = postSolution
		SolutionGuid = {190FD2E2-8E9E-4127-B155-E9674F032FBF}
	EndGlobalSection
EndGlobal
